
Microsoft Visual Studio Solution File, Format Version 12.00
# Visual Studio 15
VisualStudioVersion = 15.0.28307.1062
MinimumVisualStudioVersion = 10.0.40219.1
Project("{FAE04EC0-301F-11D3-BF4B-00C04F79EFBC}") = "MaxMoney", "MaxMoney\MaxMoney.csproj", "{5E3A8B11-6FA3-48CF-915E-44348B8CE055}"
EndProject
Global
	GlobalSection(SolutionConfigurationPlatforms) = preSolution
		Debug|Any CPU = Debug|Any CPU
		Release|Any CPU = Release|Any CPU
	EndGlobalSection
	GlobalSection(ProjectConfigurationPlatforms) = postSolution
		{5E3A8B11-6FA3-48CF-915E-44348B8CE055}.Debug|Any CPU.ActiveCfg = Debug|Any CPU
		{5E3A8B11-6FA3-48CF-915E-44348B8CE055}.Debug|Any CPU.Build.0 = Debug|Any CPU
		{5E3A8B11-6FA3-48CF-915E-44348B8CE055}.Release|Any CPU.ActiveCfg = Release|Any CPU
		{5E3A8B11-6FA3-48CF-915E-44348B8CE055}.Release|Any CPU.Build.0 = Release|Any CPU
	EndGlobalSection
	GlobalSection(SolutionProperties) = preSolution
		HideSolutionNode = FALSE
	EndGlobalSection
	GlobalSection(ExtensibilityGlobals) = postSolution
		SolutionGuid = {A8DBF5C9-5EFD-4585-B1B5-E2E0F0C64DBC}
	EndGlobalSection
EndGlobal
